// !$*UTF8*$!
{
	archiveVersion = 1;
	classes = {
	};
	objectVersion = 56;
	objects = {

/* Begin PBXBuildFile section */
		C21A9DBE2A127D7600791C4C /* RecipeDetailView.swift in Sources */ = {isa = PBXBuildFile; fileRef = C21A9DBD2A127D7600791C4C /* RecipeDetailView.swift */; };
		C2688FCE2A10EA1600E0D9CA /* Recipe_List_AppApp.swift in Sources */ = {isa = PBXBuildFile; fileRef = C2688FCD2A10EA1600E0D9CA /* Recipe_List_AppApp.swift */; };
		C2688FD02A10EA1600E0D9CA /* RecipeListView.swift in Sources */ = {isa = PBXBuildFile; fileRef = C2688FCF2A10EA1600E0D9CA /* RecipeListView.swift */; };
		C2688FD22A10EA1700E0D9CA /* Assets.xcassets in Resources */ = {isa = PBXBuildFile; fileRef = C2688FD12A10EA1700E0D9CA /* Assets.xcassets */; };
		C2688FD52A10EA1700E0D9CA /* Preview Assets.xcassets in Resources */ = {isa = PBXBuildFile; fileRef = C2688FD42A10EA1700E0D9CA /* Preview Assets.xcassets */; };
		C2688FE12A10EBAB00E0D9CA /* recipes.json in Resources */ = {isa = PBXBuildFile; fileRef = C2688FE02A10EBAB00E0D9CA /* recipes.json */; };
		C2688FE32A10EC5200E0D9CA /* Recipe.swift in Sources */ = {isa = PBXBuildFile; fileRef = C2688FE22A10EC5200E0D9CA /* Recipe.swift */; };
		C2688FE52A10ED6C00E0D9CA /* RecipeModel.swift in Sources */ = {isa = PBXBuildFile; fileRef = C2688FE42A10ED6C00E0D9CA /* RecipeModel.swift */; };
		C2688FE72A10EEC000E0D9CA /* DataService.swift in Sources */ = {isa = PBXBuildFile; fileRef = C2688FE62A10EEC000E0D9CA /* DataService.swift */; };
		C29D12622A13E9810029E13E /* RecipeTabView.swift in Sources */ = {isa = PBXBuildFile; fileRef = C29D12612A13E9810029E13E /* RecipeTabView.swift */; };
/* End PBXBuildFile section */

/* Begin PBXFileReference section */
		C21A9DBD2A127D7600791C4C /* RecipeDetailView.swift */ = {isa = PBXFileReference; lastKnownFileType = sourcecode.swift; path = RecipeDetailView.swift; sourceTree = "<group>"; };
		C2688FCA2A10EA1600E0D9CA /* Recipe List App.app */ = {isa = PBXFileReference; explicitFileType = wrapper.application; includeInIndex = 0; path = "Recipe List App.app"; sourceTree = BUILT_PRODUCTS_DIR; };
		C2688FCD2A10EA1600E0D9CA /* Recipe_List_AppApp.swift */ = {isa = PBXFileReference; lastKnownFileType = sourcecode.swift; path = Recipe_List_AppApp.swift; sourceTree = "<group>"; };
		C2688FCF2A10EA1600E0D9CA /* RecipeListView.swift */ = {isa = PBXFileReference; lastKnownFileType = sourcecode.swift; path = RecipeListView.swift; sourceTree = "<group>"; };
		C2688FD12A10EA1700E0D9CA /* Assets.xcassets */ = {isa = PBXFileReference; lastKnownFileType = folder.assetcatalog; path = Assets.xcassets; sourceTree = "<group>"; };
		C2688FD42A10EA1700E0D9CA /* Preview Assets.xcassets */ = {isa = PBXFileReference; lastKnownFileType = folder.assetcatalog; path = "Preview Assets.xcassets"; sourceTree = "<group>"; };
		C2688FE02A10EBAB00E0D9CA /* recipes.json */ = {isa = PBXFileReference; fileEncoding = 4; lastKnownFileType = text.json; path = recipes.json; sourceTree = "<group>"; };
		C2688FE22A10EC5200E0D9CA /* Recipe.swift */ = {isa = PBXFileReference; lastKnownFileType = sourcecode.swift; path = Recipe.swift; sourceTree = "<group>"; };
		C2688FE42A10ED6C00E0D9CA /* RecipeModel.swift */ = {isa = PBXFileReference; lastKnownFileType = sourcecode.swift; path = RecipeModel.swift; sourceTree = "<group>"; };
		C2688FE62A10EEC000E0D9CA /* DataService.swift */ = {isa = PBXFileReference; lastKnownFileType = sourcecode.swift; path = DataService.swift; sourceTree = "<group>"; };
		C29D12612A13E9810029E13E /* RecipeTabView.swift */ = {isa = PBXFileReference; lastKnownFileType = sourcecode.swift; path = RecipeTabView.swift; sourceTree = "<group>"; };
/* End PBXFileReference section */

/* Begin PBXFrameworksBuildPhase section */
		C2688FC72A10EA1600E0D9CA /* Frameworks */ = {
			isa = PBXFrameworksBuildPhase;
			buildActionMask = 2147483647;
			files = (
			);
			runOnlyForDeploymentPostprocessing = 0;
		};
/* End PBXFrameworksBuildPhase section */

/* Begin PBXGroup section */
		C2688FC12A10EA1600E0D9CA = {
			isa = PBXGroup;
			children = (
				C2688FCC2A10EA1600E0D9CA /* Recipe List App */,
				C2688FCB2A10EA1600E0D9CA /* Products */,
			);
			sourceTree = "<group>";
		};
		C2688FCB2A10EA1600E0D9CA /* Products */ = {
			isa = PBXGroup;
			children = (
				C2688FCA2A10EA1600E0D9CA /* Recipe List App.app */,
			);
			name = Products;
			sourceTree = "<group>";
		};
		C2688FCC2A10EA1600E0D9CA /* Recipe List App */ = {
			isa = PBXGroup;
			children = (
				C2688FCD2A10EA1600E0D9CA /* Recipe_List_AppApp.swift */,
				C2688FDB2A10EA6F00E0D9CA /* Views */,
				C2688FDD2A10EA8800E0D9CA /* VIewModels */,
				C2688FDC2A10EA7D00E0D9CA /* Models */,
				C2688FDE2A10EA9000E0D9CA /* Data */,
				C2688FDF2A10EABC00E0D9CA /* Services */,
				C2688FD12A10EA1700E0D9CA /* Assets.xcassets */,
				C2688FD32A10EA1700E0D9CA /* Preview Content */,
			);
			path = "Recipe List App";
			sourceTree = "<group>";
		};
		C2688FD32A10EA1700E0D9CA /* Preview Content */ = {
			isa = PBXGroup;
			children = (
				C2688FD42A10EA1700E0D9CA /* Preview Assets.xcassets */,
			);
			path = "Preview Content";
			sourceTree = "<group>";
		};
		C2688FDB2A10EA6F00E0D9CA /* Views */ = {
			isa = PBXGroup;
			children = (
				C29D12612A13E9810029E13E /* RecipeTabView.swift */,
				C2688FCF2A10EA1600E0D9CA /* RecipeListView.swift */,
				C21A9DBD2A127D7600791C4C /* RecipeDetailView.swift */,
			);
			path = Views;
			sourceTree = "<group>";
		};
		C2688FDC2A10EA7D00E0D9CA /* Models */ = {
			isa = PBXGroup;
			children = (
				C2688FE22A10EC5200E0D9CA /* Recipe.swift */,
			);
			path = Models;
			sourceTree = "<group>";
		};
		C2688FDD2A10EA8800E0D9CA /* VIewModels */ = {
			isa = PBXGroup;
			children = (
				C2688FE42A10ED6C00E0D9CA /* RecipeModel.swift */,
			);
			path = VIewModels;
			sourceTree = "<group>";
		};
		C2688FDE2A10EA9000E0D9CA /* Data */ = {
			isa = PBXGroup;
			children = (
				C2688FE02A10EBAB00E0D9CA /* recipes.json */,
			);
			path = Data;
			sourceTree = "<group>";
		};
		C2688FDF2A10EABC00E0D9CA /* Services */ = {
			isa = PBXGroup;
			children = (
				C2688FE62A10EEC000E0D9CA /* DataService.swift */,
			);
			path = Services;
			sourceTree = "<group>";
		};
/* End PBXGroup section */

/* Begin PBXNativeTarget section */
		C2688FC92A10EA1600E0D9CA /* Recipe List App */ = {
			isa = PBXNativeTarget;
			buildConfigurationList = C2688FD82A10EA1700E0D9CA /* Build configuration list for PBXNativeTarget "Recipe List App" */;
			buildPhases = (
				C2688FC62A10EA1600E0D9CA /* Sources */,
				C2688FC72A10EA1600E0D9CA /* Frameworks */,
				C2688FC82A10EA1600E0D9CA /* Resources */,
			);
			buildRules = (
			);
			dependencies = (
			);
			name = "Recipe List App";
			productName = "Recipe List App";
			productReference = C2688FCA2A10EA1600E0D9CA /* Recipe List App.app */;
			productType = "com.apple.product-type.application";
		};
/* End PBXNativeTarget section */

/* Begin PBXProject section */
		C2688FC22A10EA1600E0D9CA /* Project object */ = {
			isa = PBXProject;
			attributes = {
				BuildIndependentTargetsInParallel = 1;
				LastSwiftUpdateCheck = 1420;
				LastUpgradeCheck = 1420;
				TargetAttributes = {
					C2688FC92A10EA1600E0D9CA = {
						CreatedOnToolsVersion = 14.2;
					};
				};
			};
			buildConfigurationList = C2688FC52A10EA1600E0D9CA /* Build configuration list for PBXProject "Recipe List App" */;
			compatibilityVersion = "Xcode 14.0";
			developmentRegion = en;
			hasScannedForEncodings = 0;
			knownRegions = (
				en,
				Base,
			);
			mainGroup = C2688FC12A10EA1600E0D9CA;
			productRefGroup = C2688FCB2A10EA1600E0D9CA /* Products */;
			projectDirPath = "";
			projectRoot = "";
			targets = (
				C2688FC92A10EA1600E0D9CA /* Recipe List App */,
			);
		};
/* End PBXProject section */

/* Begin PBXResourcesBuildPhase section */
		C2688FC82A10EA1600E0D9CA /* Resources */ = {
			isa = PBXResourcesBuildPhase;
			buildActionMask = 2147483647;
			files = (
				C2688FD52A10EA1700E0D9CA /* Preview Assets.xcassets in Resources */,
				C2688FE12A10EBAB00E0D9CA /* recipes.json in Resources */,
				C2688FD22A10EA1700E0D9CA /* Assets.xcassets in Resources */,
			);
			runOnlyForDeploymentPostprocessing = 0;
		};
/* End PBXResourcesBuildPhase section */

/* Begin PBXSourcesBuildPhase section */
		C2688FC62A10EA1600E0D9CA /* Sources */ = {
			isa = PBXSourcesBuildPhase;
			buildActionMask = 2147483647;
			files = (
				C2688FE32A10EC5200E0D9CA /* Recipe.swift in Sources */,
				C21A9DBE2A127D7600791C4C /* RecipeDetailView.swift in Sources */,
				C2688FE52A10ED6C00E0D9CA /* RecipeModel.swift in Sources */,
				C2688FD02A10EA1600E0D9CA /* RecipeListView.swift in Sources */,
				C2688FCE2A10EA1600E0D9CA /* Recipe_List_AppApp.swift in Sources */,
				C2688FE72A10EEC000E0D9CA /* DataService.swift in Sources */,
				C29D12622A13E9810029E13E /* RecipeTabView.swift in Sources */,
			);
			runOnlyForDeploymentPostprocessing = 0;
		};
/* End PBXSourcesBuildPhase section */

/* Begin XCBuildConfiguration section */
		C2688FD62A10EA1700E0D9CA /* Debug */ = {
			isa = XCBuildConfiguration;
			buildSettings = {
				ALWAYS_SEARCH_USER_PATHS = NO;
				CLANG_ANALYZER_NONNULL = YES;
				CLANG_ANALYZER_NUMBER_OBJECT_CONVERSION = YES_AGGRESSIVE;
				CLANG_CXX_LANGUAGE_STANDARD = "gnu++20";
				CLANG_ENABLE_MODULES = YES;
				CLANG_ENABLE_OBJC_ARC = YES;
				CLANG_ENABLE_OBJC_WEAK = YES;
				CLANG_WARN_BLOCK_CAPTURE_AUTORELEASING = YES;
				CLANG_WARN_BOOL_CONVERSION = YES;
				CLANG_WARN_COMMA = YES;
				CLANG_WARN_CONSTANT_CONVERSION = YES;
				CLANG_WARN_DEPRECATED_OBJC_IMPLEMENTATIONS = YES;
				CLANG_WARN_DIRECT_OBJC_ISA_USAGE = YES_ERROR;
				CLANG_WARN_DOCUMENTATION_COMMENTS = YES;
				CLANG_WARN_EMPTY_BODY = YES;
				CLANG_WARN_ENUM_CONVERSION = YES;
				CLANG_WARN_INFINITE_RECURSION = YES;
				CLANG_WARN_INT_CONVERSION = YES;
				CLANG_WARN_NON_LITERAL_NULL_CONVERSION = YES;
				CLANG_WARN_OBJC_IMPLICIT_RETAIN_SELF = YES;
				CLANG_WARN_OBJC_LITERAL_CONVERSION = YES;
				CLANG_WARN_OBJC_ROOT_CLASS = YES_ERROR;
				CLANG_WARN_QUOTED_INCLUDE_IN_FRAMEWORK_HEADER = YES;
				CLANG_WARN_RANGE_LOOP_ANALYSIS = YES;
				CLANG_WARN_STRICT_PROTOTYPES = YES;
				CLANG_WARN_SUSPICIOUS_MOVE = YES;
				CLANG_WARN_UNGUARDED_AVAILABILITY = YES_AGGRESSIVE;
				CLANG_WARN_UNREACHABLE_CODE = YES;
				CLANG_WARN__DUPLICATE_METHOD_MATCH = YES;
				COPY_PHASE_STRIP = NO;
				DEBUG_INFORMATION_FORMAT = dwarf;
				ENABLE_STRICT_OBJC_MSGSEND = YES;
				ENABLE_TESTABILITY = YES;
				GCC_C_LANGUAGE_STANDARD = gnu11;
				GCC_DYNAMIC_NO_PIC = NO;
				GCC_NO_COMMON_BLOCKS = YES;
				GCC_OPTIMIZATION_LEVEL = 0;
				GCC_PREPROCESSOR_DEFINITIONS = (
					"DEBUG=1",
					"$(inherited)",
				);
				GCC_WARN_64_TO_32_BIT_CONVERSION = YES;
				GCC_WARN_ABOUT_RETURN_TYPE = YES_ERROR;
				GCC_WARN_UNDECLARED_SELECTOR = YES;
				GCC_WARN_UNINITIALIZED_AUTOS = YES_AGGRESSIVE;
				GCC_WARN_UNUSED_FUNCTION = YES;
				GCC_WARN_UNUSED_VARIABLE = YES;
				IPHONEOS_DEPLOYMENT_TARGET = 16.2;
				MTL_ENABLE_DEBUG_INFO = INCLUDE_SOURCE;
				MTL_FAST_MATH = YES;
				ONLY_ACTIVE_ARCH = YES;
				SDKROOT = iphoneos;
				SWIFT_ACTIVE_COMPILATION_CONDITIONS = DEBUG;
				SWIFT_OPTIMIZATION_LEVEL = "-Onone";
			};
			name = Debug;
		};
		C2688FD72A10EA1700E0D9CA /* Release */ = {
			isa = XCBuildConfiguration;
			buildSettings = {
				ALWAYS_SEARCH_USER_PATHS = NO;
				CLANG_ANALYZER_NONNULL = YES;
				CLANG_ANALYZER_NUMBER_OBJECT_CONVERSION = YES_AGGRESSIVE;
				CLANG_CXX_LANGUAGE_STANDARD = "gnu++20";
				CLANG_ENABLE_MODULES = YES;
				CLANG_ENABLE_OBJC_ARC = YES;
				CLANG_ENABLE_OBJC_WEAK = YES;
				CLANG_WARN_BLOCK_CAPTURE_AUTORELEASING = YES;
				CLANG_WARN_BOOL_CONVERSION = YES;
				CLANG_WARN_COMMA = YES;
				CLANG_WARN_CONSTANT_CONVERSION = YES;
				CLANG_WARN_DEPRECATED_OBJC_IMPLEMENTATIONS = YES;
				CLANG_WARN_DIRECT_OBJC_ISA_USAGE = YES_ERROR;
				CLANG_WARN_DOCUMENTATION_COMMENTS = YES;
				CLANG_WARN_EMPTY_BODY = YES;
				CLANG_WARN_ENUM_CONVERSION = YES;
				CLANG_WARN_INFINITE_RECURSION = YES;
				CLANG_WARN_INT_CONVERSION = YES;
				CLANG_WARN_NON_LITERAL_NULL_CONVERSION = YES;
				CLANG_WARN_OBJC_IMPLICIT_RETAIN_SELF = YES;
				CLANG_WARN_OBJC_LITERAL_CONVERSION = YES;
				CLANG_WARN_OBJC_ROOT_CLASS = YES_ERROR;
				CLANG_WARN_QUOTED_INCLUDE_IN_FRAMEWORK_HEADER = YES;
				CLANG_WARN_RANGE_LOOP_ANALYSIS = YES;
				CLANG_WARN_STRICT_PROTOTYPES = YES;
				CLANG_WARN_SUSPICIOUS_MOVE = YES;
				CLANG_WARN_UNGUARDED_AVAILABILITY = YES_AGGRESSIVE;
				CLANG_WARN_UNREACHABLE_CODE = YES;
				CLANG_WARN__DUPLICATE_METHOD_MATCH = YES;
				COPY_PHASE_STRIP = NO;
				DEBUG_INFORMATION_FORMAT = "dwarf-with-dsym";
				ENABLE_NS_ASSERTIONS = NO;
				ENABLE_STRICT_OBJC_MSGSEND = YES;
				GCC_C_LANGUAGE_STANDARD = gnu11;
				GCC_NO_COMMON_BLOCKS = YES;
				GCC_WARN_64_TO_32_BIT_CONVERSION = YES;
				GCC_WARN_ABOUT_RETURN_TYPE = YES_ERROR;
				GCC_WARN_UNDECLARED_SELECTOR = YES;
				GCC_WARN_UNINITIALIZED_AUTOS = YES_AGGRESSIVE;
				GCC_WARN_UNUSED_FUNCTION = YES;
				GCC_WARN_UNUSED_VARIABLE = YES;
				IPHONEOS_DEPLOYMENT_TARGET = 16.2;
				MTL_ENABLE_DEBUG_INFO = NO;
				MTL_FAST_MATH = YES;
				SDKROOT = iphoneos;
				SWIFT_COMPILATION_MODE = wholemodule;
				SWIFT_OPTIMIZATION_LEVEL = "-O";
				VALIDATE_PRODUCT = YES;
			};
			name = Release;
		};
		C2688FD92A10EA1700E0D9CA /* Debug */ = {
			isa = XCBuildConfiguration;
			buildSettings = {
				ASSETCATALOG_COMPILER_APPICON_NAME = AppIcon;
				ASSETCATALOG_COMPILER_GLOBAL_ACCENT_COLOR_NAME = AccentColor;
				CODE_SIGN_STYLE = Automatic;
				CURRENT_PROJECT_VERSION = 1;
				DEVELOPMENT_ASSET_PATHS = "\"Recipe List App/Preview Content\"";
				DEVELOPMENT_TEAM = 8885TZR4W5;
				ENABLE_PREVIEWS = YES;
				GENERATE_INFOPLIST_FILE = YES;
				INFOPLIST_KEY_UIApplicationSceneManifest_Generation = YES;
				INFOPLIST_KEY_UIApplicationSupportsIndirectInputEvents = YES;
				INFOPLIST_KEY_UILaunchScreen_Generation = YES;
				INFOPLIST_KEY_UISupportedInterfaceOrientations_iPad = "UIInterfaceOrientationPortrait UIInterfaceOrientationPortraitUpsideDown UIInterfaceOrientationLandscapeLeft UIInterfaceOrientationLandscapeRight";
				INFOPLIST_KEY_UISupportedInterfaceOrientations_iPhone = "UIInterfaceOrientationPortrait UIInterfaceOrientationLandscapeLeft UIInterfaceOrientationLandscapeRight";
				LD_RUNPATH_SEARCH_PATHS = (
					"$(inherited)",
					"@executable_path/Frameworks",
				);
				MARKETING_VERSION = 1.0;
				PRODUCT_BUNDLE_IDENTIFIER = "com.me.zakmellor.Recipe-List-App";
				PRODUCT_NAME = "$(TARGET_NAME)";
				SWIFT_EMIT_LOC_STRINGS = YES;
				SWIFT_VERSION = 5.0;
				TARGETED_DEVICE_FAMILY = "1,2";
			};
			name = Debug;
		};
		C2688FDA2A10EA1700E0D9CA /* Release */ = {
			isa = XCBuildConfiguration;
			buildSettings = {
				ASSETCATALOG_COMPILER_APPICON_NAME = AppIcon;
				ASSETCATALOG_COMPILER_GLOBAL_ACCENT_COLOR_NAME = AccentColor;
				CODE_SIGN_STYLE = Automatic;
				CURRENT_PROJECT_VERSION = 1;
				DEVELOPMENT_ASSET_PATHS = "\"Recipe List App/Preview Content\"";
				DEVELOPMENT_TEAM = 8885TZR4W5;
				ENABLE_PREVIEWS = YES;
				GENERATE_INFOPLIST_FILE = YES;
				INFOPLIST_KEY_UIApplicationSceneManifest_Generation = YES;
				INFOPLIST_KEY_UIApplicationSupportsIndirectInputEvents = YES;
				INFOPLIST_KEY_UILaunchScreen_Generation = YES;
				INFOPLIST_KEY_UISupportedInterfaceOrientations_iPad = "UIInterfaceOrientationPortrait UIInterfaceOrientationPortraitUpsideDown UIInterfaceOrientationLandscapeLeft UIInterfaceOrientationLandscapeRight";
				INFOPLIST_KEY_UISupportedInterfaceOrientations_iPhone = "UIInterfaceOrientationPortrait UIInterfaceOrientationLandscapeLeft UIInterfaceOrientationLandscapeRight";
				LD_RUNPATH_SEARCH_PATHS = (
					"$(inherited)",
					"@executable_path/Frameworks",
				);
				MARKETING_VERSION = 1.0;
				PRODUCT_BUNDLE_IDENTIFIER = "com.me.zakmellor.Recipe-List-App";
				PRODUCT_NAME = "$(TARGET_NAME)";
				SWIFT_EMIT_LOC_STRINGS = YES;
				SWIFT_VERSION = 5.0;
				TARGETED_DEVICE_FAMILY = "1,2";
			};
			name = Release;
		};
/* End XCBuildConfiguration section */

/* Begin XCConfigurationList section */
		C2688FC52A10EA1600E0D9CA /* Build configuration list for PBXProject "Recipe List App" */ = {
			isa = XCConfigurationList;
			buildConfigurations = (
				C2688FD62A10EA1700E0D9CA /* Debug */,
				C2688FD72A10EA1700E0D9CA /* Release */,
			);
			defaultConfigurationIsVisible = 0;
			defaultConfigurationName = Release;
		};
		C2688FD82A10EA1700E0D9CA /* Build configuration list for PBXNativeTarget "Recipe List App" */ = {
			isa = XCConfigurationList;
			buildConfigurations = (
				C2688FD92A10EA1700E0D9CA /* Debug */,
				C2688FDA2A10EA1700E0D9CA /* Release */,
			);
			defaultConfigurationIsVisible = 0;
			defaultConfigurationName = Release;
		};
/* End XCConfigurationList section */
	};
	rootObject = C2688FC22A10EA1600E0D9CA /* Project object */;
}
